# This file is autogenerated, do not edit; changes may be undone by the next 'dep ensure'.


[[projects]]
  digest = "1:1642d82630adff3904f7965aa1aac2d7bfb8ae93a9b3da849ee38d72bb4c49e7"
  name = "github.com/Jeffail/gabs"
  packages = ["."]
  pruneopts = "UT"
  revision = "7be49c3f43696c7ca8c9a76d6836703d83aea404"
  version = "v1.1.1"

[[projects]]
  branch = "master"
  digest = "1:7f3dcdb6d9fc5cae2bea8f8032897aba5cb5a6a5fb4c687dff3f8d2cbcca1bcd"
  name = "github.com/bradfitz/slice"
  packages = ["."]
  pruneopts = "UT"
  revision = "2b758aa73013d2b1f11077aeca87ea042a1438bf"

[[projects]]
  digest = "1:fb5738a52f16fd08ba0075dbd846f5aee655b9687e41602691782bb10e072c48"
  name = "github.com/emicklei/proto"
  packages = ["."]
  pruneopts = "UT"
  revision = "e4c3d8119041027a1d3b012ca2160948802618d7"
  version = "v1.6.7"

[[projects]]
  branch = "master"
  digest = "1:89cd2208bdeb192cc83ee287216af3c987fc87a90b9087718ad6631b636cefcf"
  name = "github.com/iancoleman/strcase"
  packages = ["."]
  pruneopts = "UT"
  revision = "3605ed457bf7f8caa1371b4fafadadc026673479"

[[projects]]
  branch = "master"
  digest = "1:e46d65f9f587fdc342c86135ac46449ab1302717a68ee0336568ed35ce945722"
  name = "github.com/linkosmos/mapop"
  packages = ["."]
  pruneopts = "UT"
  revision = "30336b2a6179ae763465b95e561c99eb87cba942"

[[projects]]
  digest = "1:36a75ab002c1cfb43bcc5d2ec10fbdc2a1136e9246a65e535f1d827435f28f17"
  name = "github.com/sirupsen/logrus"
  packages = ["."]
  pruneopts = "UT"
  revision = "418b41d23a1bf978c06faea5313ba194650ac088"
  version = "v0.8.7"

[[projects]]
  branch = "master"
  digest = "1:87ccd3930fecd2fda7b482c7914f73f89c85c2f1854ef009d187f81362630c69"
  name = "go4.org"
  packages = ["reflectutil"]
  pruneopts = "UT"
  revision = "00e24f1b25994999399dee600cb8f35a45f519dc"

[solve-meta]
  analyzer-name = "dep"
  analyzer-version = 1
  input-imports = [
    "github.com/Jeffail/gabs",
    "github.com/bradfitz/slice",
    "github.com/emicklei/proto",
    "github.com/iancoleman/strcase",
    "github.com/linkosmos/mapop",
    "github.com/sirupsen/logrus",
  ]
  solver-name = "gps-cdcl"
  solver-version = 1
